// !$*UTF8*$!
{
	archiveVersion = 1;
	classes = {
	};
	objectVersion = 46;
	objects = {

/* Begin PBXBuildFile section */
		8B8085631BD6C10900AE6A8A /* AppDelegate.swift in Sources */ = {isa = PBXBuildFile; fileRef = 8B8085621BD6C10900AE6A8A /* AppDelegate.swift */; };
		8B8085681BD6C10900AE6A8A /* Main.storyboard in Resources */ = {isa = PBXBuildFile; fileRef = 8B8085661BD6C10900AE6A8A /* Main.storyboard */; };
		8B80856A1BD6C10900AE6A8A /* Assets.xcassets in Resources */ = {isa = PBXBuildFile; fileRef = 8B8085691BD6C10900AE6A8A /* Assets.xcassets */; };
		8B80856D1BD6C10900AE6A8A /* LaunchScreen.storyboard in Resources */ = {isa = PBXBuildFile; fileRef = 8B80856B1BD6C10900AE6A8A /* LaunchScreen.storyboard */; };
		8B8085751BD6C3C700AE6A8A /* FlickrPhotosViewController.swift in Sources */ = {isa = PBXBuildFile; fileRef = 8B8085741BD6C3C700AE6A8A /* FlickrPhotosViewController.swift */; settings = {ASSET_TAGS = (); }; };
		8B8085771BD6C7D400AE6A8A /* FlickrSearcher.swift in Sources */ = {isa = PBXBuildFile; fileRef = 8B8085761BD6C7D400AE6A8A /* FlickrSearcher.swift */; settings = {ASSET_TAGS = (); }; };
/* End PBXBuildFile section */

/* Begin PBXFileReference section */
		8B80855F1BD6C10900AE6A8A /* FlickrSearch.app */ = {isa = PBXFileReference; explicitFileType = wrapper.application; includeInIndex = 0; path = FlickrSearch.app; sourceTree = BUILT_PRODUCTS_DIR; };
		8B8085621BD6C10900AE6A8A /* AppDelegate.swift */ = {isa = PBXFileReference; lastKnownFileType = sourcecode.swift; path = AppDelegate.swift; sourceTree = "<group>"; };
		8B8085671BD6C10900AE6A8A /* Base */ = {isa = PBXFileReference; lastKnownFileType = file.storyboard; name = Base; path = Base.lproj/Main.storyboard; sourceTree = "<group>"; };
		8B8085691BD6C10900AE6A8A /* Assets.xcassets */ = {isa = PBXFileReference; lastKnownFileType = folder.assetcatalog; path = Assets.xcassets; sourceTree = "<group>"; };
		8B80856C1BD6C10900AE6A8A /* Base */ = {isa = PBXFileReference; lastKnownFileType = file.storyboard; name = Base; path = Base.lproj/LaunchScreen.storyboard; sourceTree = "<group>"; };
		8B80856E1BD6C10900AE6A8A /* Info.plist */ = {isa = PBXFileReference; lastKnownFileType = text.plist.xml; path = Info.plist; sourceTree = "<group>"; };
		8B8085741BD6C3C700AE6A8A /* FlickrPhotosViewController.swift */ = {isa = PBXFileReference; fileEncoding = 4; lastKnownFileType = sourcecode.swift; path = FlickrPhotosViewController.swift; sourceTree = "<group>"; };
		8B8085761BD6C7D400AE6A8A /* FlickrSearcher.swift */ = {isa = PBXFileReference; fileEncoding = 4; lastKnownFileType = sourcecode.swift; path = FlickrSearcher.swift; sourceTree = "<group>"; };
/* End PBXFileReference section */

/* Begin PBXFrameworksBuildPhase section */
		8B80855C1BD6C10900AE6A8A /* Frameworks */ = {
			isa = PBXFrameworksBuildPhase;
			buildActionMask = 2147483647;
			files = (
			);
			runOnlyForDeploymentPostprocessing = 0;
		};
/* End PBXFrameworksBuildPhase section */

/* Begin PBXGroup section */
		8B8085561BD6C10900AE6A8A = {
			isa = PBXGroup;
			children = (
				8B8085611BD6C10900AE6A8A /* FlickrSearch */,
				8B8085601BD6C10900AE6A8A /* Products */,
			);
			sourceTree = "<group>";
		};
		8B8085601BD6C10900AE6A8A /* Products */ = {
			isa = PBXGroup;
			children = (
				8B80855F1BD6C10900AE6A8A /* FlickrSearch.app */,
			);
			name = Products;
			sourceTree = "<group>";
		};
		8B8085611BD6C10900AE6A8A /* FlickrSearch */ = {
			isa = PBXGroup;
			children = (
				8B8085621BD6C10900AE6A8A /* AppDelegate.swift */,
				8B8085661BD6C10900AE6A8A /* Main.storyboard */,
				8B8085741BD6C3C700AE6A8A /* FlickrPhotosViewController.swift */,
				8B8085761BD6C7D400AE6A8A /* FlickrSearcher.swift */,
				8B8085691BD6C10900AE6A8A /* Assets.xcassets */,
				8B80856B1BD6C10900AE6A8A /* LaunchScreen.storyboard */,
				8B80856E1BD6C10900AE6A8A /* Info.plist */,
			);
			path = FlickrSearch;
			sourceTree = "<group>";
		};
/* End PBXGroup section */

/* Begin PBXNativeTarget section */
		8B80855E1BD6C10900AE6A8A /* FlickrSearch */ = {
			isa = PBXNativeTarget;
			buildConfigurationList = 8B8085711BD6C10900AE6A8A /* Build configuration list for PBXNativeTarget "FlickrSearch" */;
			buildPhases = (
				8B80855B1BD6C10900AE6A8A /* Sources */,
				8B80855C1BD6C10900AE6A8A /* Frameworks */,
				8B80855D1BD6C10900AE6A8A /* Resources */,
			);
			buildRules = (
			);
			dependencies = (
			);
			name = FlickrSearch;
			productName = FlickrSearch;
			productReference = 8B80855F1BD6C10900AE6A8A /* FlickrSearch.app */;
			productType = "com.apple.product-type.application";
		};
/* End PBXNativeTarget section */

/* Begin PBXProject section */
		8B8085571BD6C10900AE6A8A /* Project object */ = {
			isa = PBXProject;
			attributes = {
				LastSwiftMigration = 0700;
				LastUpgradeCheck = 0700;
				ORGANIZATIONNAME = "Andrei Joghiu";
				TargetAttributes = {
					8B80855E1BD6C10900AE6A8A = {
						CreatedOnToolsVersion = 7.0.1;
					};
				};
			};
			buildConfigurationList = 8B80855A1BD6C10900AE6A8A /* Build configuration list for PBXProject "FlickrSearch" */;
			compatibilityVersion = "Xcode 3.2";
			developmentRegion = English;
			hasScannedForEncodings = 0;
			knownRegions = (
				en,
				Base,
			);
			mainGroup = 8B8085561BD6C10900AE6A8A;
			productRefGroup = 8B8085601BD6C10900AE6A8A /* Products */;
			projectDirPath = "";
			projectRoot = "";
			targets = (
				8B80855E1BD6C10900AE6A8A /* FlickrSearch */,
			);
		};
/* End PBXProject section */

/* Begin PBXResourcesBuildPhase section */
		8B80855D1BD6C10900AE6A8A /* Resources */ = {
			isa = PBXResourcesBuildPhase;
			buildActionMask = 2147483647;
			files = (
				8B80856D1BD6C10900AE6A8A /* LaunchScreen.storyboard in Resources */,
				8B80856A1BD6C10900AE6A8A /* Assets.xcassets in Resources */,
				8B8085681BD6C10900AE6A8A /* Main.storyboard in Resources */,
			);
			runOnlyForDeploymentPostprocessing = 0;
		};
/* End PBXResourcesBuildPhase section */

/* Begin PBXSourcesBuildPhase section */
		8B80855B1BD6C10900AE6A8A /* Sources */ = {
			isa = PBXSourcesBuildPhase;
			buildActionMask = 2147483647;
			files = (
				8B8085771BD6C7D400AE6A8A /* FlickrSearcher.swift in Sources */,
				8B8085631BD6C10900AE6A8A /* AppDelegate.swift in Sources */,
				8B8085751BD6C3C700AE6A8A /* FlickrPhotosViewController.swift in Sources */,
			);
			runOnlyForDeploymentPostprocessing = 0;
		};
/* End PBXSourcesBuildPhase section */

/* Begin PBXVariantGroup section */
		8B8085661BD6C10900AE6A8A /* Main.storyboard */ = {
			isa = PBXVariantGroup;
			children = (
				8B8085671BD6C10900AE6A8A /* Base */,
			);
			name = Main.storyboard;
			sourceTree = "<group>";
		};
		8B80856B1BD6C10900AE6A8A /* LaunchScreen.storyboard */ = {
			isa = PBXVariantGroup;
			children = (
				8B80856C1BD6C10900AE6A8A /* Base */,
			);
			name = LaunchScreen.storyboard;
			sourceTree = "<group>";
		};
/* End PBXVariantGroup section */

/* Begin XCBuildConfiguration section */
		8B80856F1BD6C10900AE6A8A /* Debug */ = {
			isa = XCBuildConfiguration;
			buildSettings = {
				ALWAYS_SEARCH_USER_PATHS = NO;
				CLANG_CXX_LANGUAGE_STANDARD = "gnu++0x";
				CLANG_CXX_LIBRARY = "libc++";
				CLANG_ENABLE_MODULES = YES;
				CLANG_ENABLE_OBJC_ARC = YES;
				CLANG_WARN_BOOL_CONVERSION = YES;
				CLANG_WARN_CONSTANT_CONVERSION = YES;
				CLANG_WARN_DIRECT_OBJC_ISA_USAGE = YES_ERROR;
				CLANG_WARN_EMPTY_BODY = YES;
				CLANG_WARN_ENUM_CONVERSION = YES;
				CLANG_WARN_INT_CONVERSION = YES;
				CLANG_WARN_OBJC_ROOT_CLASS = YES_ERROR;
				CLANG_WARN_UNREACHABLE_CODE = YES;
				CLANG_WARN__DUPLICATE_METHOD_MATCH = YES;
				"CODE_SIGN_IDENTITY[sdk=iphoneos*]" = "iPhone Developer";
				COPY_PHASE_STRIP = NO;
				DEBUG_INFORMATION_FORMAT = dwarf;
				ENABLE_STRICT_OBJC_MSGSEND = YES;
				ENABLE_TESTABILITY = YES;
				GCC_C_LANGUAGE_STANDARD = gnu99;
				GCC_DYNAMIC_NO_PIC = NO;
				GCC_NO_COMMON_BLOCKS = YES;
				GCC_OPTIMIZATION_LEVEL = 0;
				GCC_PREPROCESSOR_DEFINITIONS = (
					"DEBUG=1",
					"$(inherited)",
				);
				GCC_WARN_64_TO_32_BIT_CONVERSION = YES;
				GCC_WARN_ABOUT_RETURN_TYPE = YES_ERROR;
				GCC_WARN_UNDECLARED_SELECTOR = YES;
				GCC_WARN_UNINITIALIZED_AUTOS = YES_AGGRESSIVE;
				GCC_WARN_UNUSED_FUNCTION = YES;
				GCC_WARN_UNUSED_VARIABLE = YES;
				IPHONEOS_DEPLOYMENT_TARGET = 9.0;
				MTL_ENABLE_DEBUG_INFO = YES;
				ONLY_ACTIVE_ARCH = YES;
				SDKROOT = iphoneos;
				SWIFT_OPTIMIZATION_LEVEL = "-Onone";
				TARGETED_DEVICE_FAMILY = "1,2";
			};
			name = Debug;
		};
		8B8085701BD6C10900AE6A8A /* Release */ = {
			isa = XCBuildConfiguration;
			buildSettings = {
				ALWAYS_SEARCH_USER_PATHS = NO;
				CLANG_CXX_LANGUAGE_STANDARD = "gnu++0x";
				CLANG_CXX_LIBRARY = "libc++";
				CLANG_ENABLE_MODULES = YES;
				CLANG_ENABLE_OBJC_ARC = YES;
				CLANG_WARN_BOOL_CONVERSION = YES;
				CLANG_WARN_CONSTANT_CONVERSION = YES;
				CLANG_WARN_DIRECT_OBJC_ISA_USAGE = YES_ERROR;
				CLANG_WARN_EMPTY_BODY = YES;
				CLANG_WARN_ENUM_CONVERSION = YES;
				CLANG_WARN_INT_CONVERSION = YES;
				CLANG_WARN_OBJC_ROOT_CLASS = YES_ERROR;
				CLANG_WARN_UNREACHABLE_CODE = YES;
				CLANG_WARN__DUPLICATE_METHOD_MATCH = YES;
				"CODE_SIGN_IDENTITY[sdk=iphoneos*]" = "iPhone Developer";
				COPY_PHASE_STRIP = NO;
				DEBUG_INFORMATION_FORMAT = "dwarf-with-dsym";
				ENABLE_NS_ASSERTIONS = NO;
				ENABLE_STRICT_OBJC_MSGSEND = YES;
				GCC_C_LANGUAGE_STANDARD = gnu99;
				GCC_NO_COMMON_BLOCKS = YES;
				GCC_WARN_64_TO_32_BIT_CONVERSION = YES;
				GCC_WARN_ABOUT_RETURN_TYPE = YES_ERROR;
				GCC_WARN_UNDECLARED_SELECTOR = YES;
				GCC_WARN_UNINITIALIZED_AUTOS = YES_AGGRESSIVE;
				GCC_WARN_UNUSED_FUNCTION = YES;
				GCC_WARN_UNUSED_VARIABLE = YES;
				IPHONEOS_DEPLOYMENT_TARGET = 9.0;
				MTL_ENABLE_DEBUG_INFO = NO;
				SDKROOT = iphoneos;
				TARGETED_DEVICE_FAMILY = "1,2";
				VALIDATE_PRODUCT = YES;
			};
			name = Release;
		};
		8B8085721BD6C10900AE6A8A /* Debug */ = {
			isa = XCBuildConfiguration;
			buildSettings = {
				ASSETCATALOG_COMPILER_APPICON_NAME = AppIcon;
				INFOPLIST_FILE = FlickrSearch/Info.plist;
				LD_RUNPATH_SEARCH_PATHS = "$(inherited) @executable_path/Frameworks";
				PRODUCT_BUNDLE_IDENTIFIER = com.AndreiJoghiu.FlickrSearch;
				PRODUCT_NAME = "$(TARGET_NAME)";
			};
			name = Debug;
		};
		8B8085731BD6C10900AE6A8A /* Release */ = {
			isa = XCBuildConfiguration;
			buildSettings = {
				ASSETCATALOG_COMPILER_APPICON_NAME = AppIcon;
				INFOPLIST_FILE = FlickrSearch/Info.plist;
				LD_RUNPATH_SEARCH_PATHS = "$(inherited) @executable_path/Frameworks";
				PRODUCT_BUNDLE_IDENTIFIER = com.AndreiJoghiu.FlickrSearch;
				PRODUCT_NAME = "$(TARGET_NAME)";
			};
			name = Release;
		};
/* End XCBuildConfiguration section */

/* Begin XCConfigurationList section */
		8B80855A1BD6C10900AE6A8A /* Build configuration list for PBXProject "FlickrSearch" */ = {
			isa = XCConfigurationList;
			buildConfigurations = (
				8B80856F1BD6C10900AE6A8A /* Debug */,
				8B8085701BD6C10900AE6A8A /* Release */,
			);
			defaultConfigurationIsVisible = 0;
			defaultConfigurationName = Release;
		};
		8B8085711BD6C10900AE6A8A /* Build configuration list for PBXNativeTarget "FlickrSearch" */ = {
			isa = XCConfigurationList;
			buildConfigurations = (
				8B8085721BD6C10900AE6A8A /* Debug */,
				8B8085731BD6C10900AE6A8A /* Release */,
			);
			defaultConfigurationIsVisible = 0;
		};
/* End XCConfigurationList section */
	};
	rootObject = 8B8085571BD6C10900AE6A8A /* Project object */;
}
